// !$*UTF8*$!
{
	archiveVersion = 1;
	classes = {
	};
	objectVersion = 46;
	objects = {

/* Begin PBXBuildFile section */
		ABFB3BD91BD71508005C61A0 /* AppDelegate.swift in Sources */ = {isa = PBXBuildFile; fileRef = ABFB3BD81BD71508005C61A0 /* AppDelegate.swift */; };
		ABFB3BDB1BD71508005C61A0 /* ViewController.swift in Sources */ = {isa = PBXBuildFile; fileRef = ABFB3BDA1BD71508005C61A0 /* ViewController.swift */; };
		ABFB3BDE1BD71508005C61A0 /* Main.storyboard in Resources */ = {isa = PBXBuildFile; fileRef = ABFB3BDC1BD71508005C61A0 /* Main.storyboard */; };
		ABFB3BE11BD71508005C61A0 /* Fridley_MN_App_v1.xcdatamodeld in Sources */ = {isa = PBXBuildFile; fileRef = ABFB3BDF1BD71508005C61A0 /* Fridley_MN_App_v1.xcdatamodeld */; };
		ABFB3BE31BD71508005C61A0 /* Assets.xcassets in Resources */ = {isa = PBXBuildFile; fileRef = ABFB3BE21BD71508005C61A0 /* Assets.xcassets */; };
		ABFB3BE61BD71508005C61A0 /* LaunchScreen.storyboard in Resources */ = {isa = PBXBuildFile; fileRef = ABFB3BE41BD71508005C61A0 /* LaunchScreen.storyboard */; };
/* End PBXBuildFile section */

/* Begin PBXFileReference section */
		ABFB3BD51BD71508005C61A0 /* Fridley MN App v1.app */ = {isa = PBXFileReference; explicitFileType = wrapper.application; includeInIndex = 0; path = "Fridley MN App v1.app"; sourceTree = BUILT_PRODUCTS_DIR; };
		ABFB3BD81BD71508005C61A0 /* AppDelegate.swift */ = {isa = PBXFileReference; lastKnownFileType = sourcecode.swift; path = AppDelegate.swift; sourceTree = "<group>"; };
		ABFB3BDA1BD71508005C61A0 /* ViewController.swift */ = {isa = PBXFileReference; lastKnownFileType = sourcecode.swift; path = ViewController.swift; sourceTree = "<group>"; };
		ABFB3BDD1BD71508005C61A0 /* Base */ = {isa = PBXFileReference; lastKnownFileType = file.storyboard; name = Base; path = Base.lproj/Main.storyboard; sourceTree = "<group>"; };
		ABFB3BE01BD71508005C61A0 /* Fridley_MN_App_v1.xcdatamodel */ = {isa = PBXFileReference; lastKnownFileType = wrapper.xcdatamodel; path = Fridley_MN_App_v1.xcdatamodel; sourceTree = "<group>"; };
		ABFB3BE21BD71508005C61A0 /* Assets.xcassets */ = {isa = PBXFileReference; lastKnownFileType = folder.assetcatalog; path = Assets.xcassets; sourceTree = "<group>"; };
		ABFB3BE51BD71508005C61A0 /* Base */ = {isa = PBXFileReference; lastKnownFileType = file.storyboard; name = Base; path = Base.lproj/LaunchScreen.storyboard; sourceTree = "<group>"; };
		ABFB3BE71BD71508005C61A0 /* Info.plist */ = {isa = PBXFileReference; lastKnownFileType = text.plist.xml; path = Info.plist; sourceTree = "<group>"; };
/* End PBXFileReference section */

/* Begin PBXFrameworksBuildPhase section */
		ABFB3BD21BD71508005C61A0 /* Frameworks */ = {
			isa = PBXFrameworksBuildPhase;
			buildActionMask = 2147483647;
			files = (
			);
			runOnlyForDeploymentPostprocessing = 0;
		};
/* End PBXFrameworksBuildPhase section */

/* Begin PBXGroup section */
		ABFB3BCC1BD71508005C61A0 = {
			isa = PBXGroup;
			children = (
				ABFB3BD71BD71508005C61A0 /* Fridley MN App v1 */,
				ABFB3BD61BD71508005C61A0 /* Products */,
			);
			sourceTree = "<group>";
		};
		ABFB3BD61BD71508005C61A0 /* Products */ = {
			isa = PBXGroup;
			children = (
				ABFB3BD51BD71508005C61A0 /* Fridley MN App v1.app */,
			);
			name = Products;
			sourceTree = "<group>";
		};
		ABFB3BD71BD71508005C61A0 /* Fridley MN App v1 */ = {
			isa = PBXGroup;
			children = (
				ABFB3BD81BD71508005C61A0 /* AppDelegate.swift */,
				ABFB3BDA1BD71508005C61A0 /* ViewController.swift */,
				ABFB3BDC1BD71508005C61A0 /* Main.storyboard */,
				ABFB3BE21BD71508005C61A0 /* Assets.xcassets */,
				ABFB3BE41BD71508005C61A0 /* LaunchScreen.storyboard */,
				ABFB3BE71BD71508005C61A0 /* Info.plist */,
				ABFB3BDF1BD71508005C61A0 /* Fridley_MN_App_v1.xcdatamodeld */,
			);
			path = "Fridley MN App v1";
			sourceTree = "<group>";
		};
/* End PBXGroup section */

/* Begin PBXNativeTarget section */
		ABFB3BD41BD71508005C61A0 /* Fridley MN App v1 */ = {
			isa = PBXNativeTarget;
			buildConfigurationList = ABFB3BEA1BD71508005C61A0 /* Build configuration list for PBXNativeTarget "Fridley MN App v1" */;
			buildPhases = (
				ABFB3BD11BD71508005C61A0 /* Sources */,
				ABFB3BD21BD71508005C61A0 /* Frameworks */,
				ABFB3BD31BD71508005C61A0 /* Resources */,
			);
			buildRules = (
			);
			dependencies = (
			);
			name = "Fridley MN App v1";
			productName = "Fridley MN App v1";
			productReference = ABFB3BD51BD71508005C61A0 /* Fridley MN App v1.app */;
			productType = "com.apple.product-type.application";
		};
/* End PBXNativeTarget section */

/* Begin PBXProject section */
		ABFB3BCD1BD71508005C61A0 /* Project object */ = {
			isa = PBXProject;
			attributes = {
				LastUpgradeCheck = 0710;
				ORGANIZATIONNAME = JPRODUCTION;
				TargetAttributes = {
					ABFB3BD41BD71508005C61A0 = {
						CreatedOnToolsVersion = 7.1;
					};
				};
			};
			buildConfigurationList = ABFB3BD01BD71508005C61A0 /* Build configuration list for PBXProject "Fridley MN App v1" */;
			compatibilityVersion = "Xcode 3.2";
			developmentRegion = English;
			hasScannedForEncodings = 0;
			knownRegions = (
				en,
				Base,
			);
			mainGroup = ABFB3BCC1BD71508005C61A0;
			productRefGroup = ABFB3BD61BD71508005C61A0 /* Products */;
			projectDirPath = "";
			projectRoot = "";
			targets = (
				ABFB3BD41BD71508005C61A0 /* Fridley MN App v1 */,
			);
		};
/* End PBXProject section */

/* Begin PBXResourcesBuildPhase section */
		ABFB3BD31BD71508005C61A0 /* Resources */ = {
			isa = PBXResourcesBuildPhase;
			buildActionMask = 2147483647;
			files = (
				ABFB3BE61BD71508005C61A0 /* LaunchScreen.storyboard in Resources */,
				ABFB3BE31BD71508005C61A0 /* Assets.xcassets in Resources */,
				ABFB3BDE1BD71508005C61A0 /* Main.storyboard in Resources */,
			);
			runOnlyForDeploymentPostprocessing = 0;
		};
/* End PBXResourcesBuildPhase section */

/* Begin PBXSourcesBuildPhase section */
		ABFB3BD11BD71508005C61A0 /* Sources */ = {
			isa = PBXSourcesBuildPhase;
			buildActionMask = 2147483647;
			files = (
				ABFB3BE11BD71508005C61A0 /* Fridley_MN_App_v1.xcdatamodeld in Sources */,
				ABFB3BDB1BD71508005C61A0 /* ViewController.swift in Sources */,
				ABFB3BD91BD71508005C61A0 /* AppDelegate.swift in Sources */,
			);
			runOnlyForDeploymentPostprocessing = 0;
		};
/* End PBXSourcesBuildPhase section */

/* Begin PBXVariantGroup section */
		ABFB3BDC1BD71508005C61A0 /* Main.storyboard */ = {
			isa = PBXVariantGroup;
			children = (
				ABFB3BDD1BD71508005C61A0 /* Base */,
			);
			name = Main.storyboard;
			sourceTree = "<group>";
		};
		ABFB3BE41BD71508005C61A0 /* LaunchScreen.storyboard */ = {
			isa = PBXVariantGroup;
			children = (
				ABFB3BE51BD71508005C61A0 /* Base */,
			);
			name = LaunchScreen.storyboard;
			sourceTree = "<group>";
		};
/* End PBXVariantGroup section */

/* Begin XCBuildConfiguration section */
		ABFB3BE81BD71508005C61A0 /* Debug */ = {
			isa = XCBuildConfiguration;
			buildSettings = {
				ALWAYS_SEARCH_USER_PATHS = NO;
				CLANG_CXX_LANGUAGE_STANDARD = "gnu++0x";
				CLANG_CXX_LIBRARY = "libc++";
				CLANG_ENABLE_MODULES = YES;
				CLANG_ENABLE_OBJC_ARC = YES;
				CLANG_WARN_BOOL_CONVERSION = YES;
				CLANG_WARN_CONSTANT_CONVERSION = YES;
				CLANG_WARN_DIRECT_OBJC_ISA_USAGE = YES_ERROR;
				CLANG_WARN_EMPTY_BODY = YES;
				CLANG_WARN_ENUM_CONVERSION = YES;
				CLANG_WARN_INT_CONVERSION = YES;
				CLANG_WARN_OBJC_ROOT_CLASS = YES_ERROR;
				CLANG_WARN_UNREACHABLE_CODE = YES;
				CLANG_WARN__DUPLICATE_METHOD_MATCH = YES;
				"CODE_SIGN_IDENTITY[sdk=iphoneos*]" = "iPhone Developer";
				COPY_PHASE_STRIP = NO;
				DEBUG_INFORMATION_FORMAT = dwarf;
				ENABLE_STRICT_OBJC_MSGSEND = YES;
				ENABLE_TESTABILITY = YES;
				GCC_C_LANGUAGE_STANDARD = gnu99;
				GCC_DYNAMIC_NO_PIC = NO;
				GCC_NO_COMMON_BLOCKS = YES;
				GCC_OPTIMIZATION_LEVEL = 0;
				GCC_PREPROCESSOR_DEFINITIONS = (
					"DEBUG=1",
					"$(inherited)",
				);
				GCC_WARN_64_TO_32_BIT_CONVERSION = YES;
				GCC_WARN_ABOUT_RETURN_TYPE = YES_ERROR;
				GCC_WARN_UNDECLARED_SELECTOR = YES;
				GCC_WARN_UNINITIALIZED_AUTOS = YES_AGGRESSIVE;
				GCC_WARN_UNUSED_FUNCTION = YES;
				GCC_WARN_UNUSED_VARIABLE = YES;
				IPHONEOS_DEPLOYMENT_TARGET = 9.1;
				MTL_ENABLE_DEBUG_INFO = YES;
				ONLY_ACTIVE_ARCH = YES;
				SDKROOT = iphoneos;
				SWIFT_OPTIMIZATION_LEVEL = "-Onone";
				TARGETED_DEVICE_FAMILY = "1,2";
			};
			name = Debug;
		};
		ABFB3BE91BD71508005C61A0 /* Release */ = {
			isa = XCBuildConfiguration;
			buildSettings = {
				ALWAYS_SEARCH_USER_PATHS = NO;
				CLANG_CXX_LANGUAGE_STANDARD = "gnu++0x";
				CLANG_CXX_LIBRARY = "libc++";
				CLANG_ENABLE_MODULES = YES;
				CLANG_ENABLE_OBJC_ARC = YES;
				CLANG_WARN_BOOL_CONVERSION = YES;
				CLANG_WARN_CONSTANT_CONVERSION = YES;
				CLANG_WARN_DIRECT_OBJC_ISA_USAGE = YES_ERROR;
				CLANG_WARN_EMPTY_BODY = YES;
				CLANG_WARN_ENUM_CONVERSION = YES;
				CLANG_WARN_INT_CONVERSION = YES;
				CLANG_WARN_OBJC_ROOT_CLASS = YES_ERROR;
				CLANG_WARN_UNREACHABLE_CODE = YES;
				CLANG_WARN__DUPLICATE_METHOD_MATCH = YES;
				"CODE_SIGN_IDENTITY[sdk=iphoneos*]" = "iPhone Developer";
				COPY_PHASE_STRIP = NO;
				DEBUG_INFORMATION_FORMAT = "dwarf-with-dsym";
				ENABLE_NS_ASSERTIONS = NO;
				ENABLE_STRICT_OBJC_MSGSEND = YES;
				GCC_C_LANGUAGE_STANDARD = gnu99;
				GCC_NO_COMMON_BLOCKS = YES;
				GCC_WARN_64_TO_32_BIT_CONVERSION = YES;
				GCC_WARN_ABOUT_RETURN_TYPE = YES_ERROR;
				GCC_WARN_UNDECLARED_SELECTOR = YES;
				GCC_WARN_UNINITIALIZED_AUTOS = YES_AGGRESSIVE;
				GCC_WARN_UNUSED_FUNCTION = YES;
				GCC_WARN_UNUSED_VARIABLE = YES;
				IPHONEOS_DEPLOYMENT_TARGET = 9.1;
				MTL_ENABLE_DEBUG_INFO = NO;
				SDKROOT = iphoneos;
				TARGETED_DEVICE_FAMILY = "1,2";
				VALIDATE_PRODUCT = YES;
			};
			name = Release;
		};
		ABFB3BEB1BD71508005C61A0 /* Debug */ = {
			isa = XCBuildConfiguration;
			buildSettings = {
				ASSETCATALOG_COMPILER_APPICON_NAME = AppIcon;
				INFOPLIST_FILE = "Fridley MN App v1/Info.plist";
				LD_RUNPATH_SEARCH_PATHS = "$(inherited) @executable_path/Frameworks";
				PRODUCT_BUNDLE_IDENTIFIER = "com.Jordan-Olson.Fridley-MN-App-v1";
				PRODUCT_NAME = "$(TARGET_NAME)";
			};
			name = Debug;
		};
		ABFB3BEC1BD71508005C61A0 /* Release */ = {
			isa = XCBuildConfiguration;
			buildSettings = {
				ASSETCATALOG_COMPILER_APPICON_NAME = AppIcon;
				INFOPLIST_FILE = "Fridley MN App v1/Info.plist";
				LD_RUNPATH_SEARCH_PATHS = "$(inherited) @executable_path/Frameworks";
				PRODUCT_BUNDLE_IDENTIFIER = "com.Jordan-Olson.Fridley-MN-App-v1";
				PRODUCT_NAME = "$(TARGET_NAME)";
			};
			name = Release;
		};
/* End XCBuildConfiguration section */

/* Begin XCConfigurationList section */
		ABFB3BD01BD71508005C61A0 /* Build configuration list for PBXProject "Fridley MN App v1" */ = {
			isa = XCConfigurationList;
			buildConfigurations = (
				ABFB3BE81BD71508005C61A0 /* Debug */,
				ABFB3BE91BD71508005C61A0 /* Release */,
			);
			defaultConfigurationIsVisible = 0;
			defaultConfigurationName = Release;
		};
		ABFB3BEA1BD71508005C61A0 /* Build configuration list for PBXNativeTarget "Fridley MN App v1" */ = {
			isa = XCConfigurationList;
			buildConfigurations = (
				ABFB3BEB1BD71508005C61A0 /* Debug */,
				ABFB3BEC1BD71508005C61A0 /* Release */,
			);
			defaultConfigurationIsVisible = 0;
		};
/* End XCConfigurationList section */

/* Begin XCVersionGroup section */
		ABFB3BDF1BD71508005C61A0 /* Fridley_MN_App_v1.xcdatamodeld */ = {
			isa = XCVersionGroup;
			children = (
				ABFB3BE01BD71508005C61A0 /* Fridley_MN_App_v1.xcdatamodel */,
			);
			currentVersion = ABFB3BE01BD71508005C61A0 /* Fridley_MN_App_v1.xcdatamodel */;
			path = Fridley_MN_App_v1.xcdatamodeld;
			sourceTree = "<group>";
			versionGroupType = wrapper.xcdatamodel;
		};
/* End XCVersionGroup section */
	};
	rootObject = ABFB3BCD1BD71508005C61A0 /* Project object */;
}
